
Microsoft Visual Studio Solution File, Format Version 12.00
# Visual Studio Version 16
VisualStudioVersion = 16.0.29709.97
MinimumVisualStudioVersion = 10.0.40219.1
Project("{FAE04EC0-301F-11D3-BF4B-00C04F79EFBC}") = "Week3_excercise", "Week3_excercise\Week3_excercise.csproj", "{4BDEE559-3745-441F-BA80-65997D89387E}"
EndProject
Global
	GlobalSection(SolutionConfigurationPlatforms) = preSolution
		Debug|Any CPU = Debug|Any CPU
		Release|Any CPU = Release|Any CPU
	EndGlobalSection
	GlobalSection(ProjectConfigurationPlatforms) = postSolution
		{4BDEE559-3745-441F-BA80-65997D89387E}.Debug|Any CPU.ActiveCfg = Debug|Any CPU
		{4BDEE559-3745-441F-BA80-65997D89387E}.Debug|Any CPU.Build.0 = Debug|Any CPU
		{4BDEE559-3745-441F-BA80-65997D89387E}.Release|Any CPU.ActiveCfg = Release|Any CPU
		{4BDEE559-3745-441F-BA80-65997D89387E}.Release|Any CPU.Build.0 = Release|Any CPU
	EndGlobalSection
	GlobalSection(SolutionProperties) = preSolution
		HideSolutionNode = FALSE
	EndGlobalSection
	GlobalSection(ExtensibilityGlobals) = postSolution
		SolutionGuid = {A2F56F05-A41F-4BFF-A2F2-72ECF686CA9C}
	EndGlobalSection
EndGlobal
